# This file is autogenerated by pip-compile
# To update, run:
#
#    pip-compile

[[package]]
name = "aai_fxslib"
version = "0.0.3"
description = ""
category = "main"
optional = false
python-versions = ">=3.6"
develop = false

[package.dependencies]
pymongo = "3.10.1"

[package.source]
type = "git"
url = "ssh://git@gitlab.com/attentive-ai-dev/jarvis/fxs/fxslib.git"
reference = "master"
resolved_reference = "06944379d9c6dbdeca4f07559f1f56a57793e4d4
